
Microsoft Visual Studio Solution File, Format Version 12.00
# Visual Studio Version 17
VisualStudioVersion = 17.5.002.0
MinimumVisualStudioVersion = 10.0.40219.1
Project("{9A19103F-16F7-4668-BE54-9A1E7A4F7556}") = "StringsC", "StringsC.csproj", "{9969B599-D040-4558-8B5F-22858D1DA064}"
EndProject
Global
	GlobalSection(SolutionConfigurationPlatforms) = preSolution
		Debug|Any CPU = Debug|Any CPU
		Release|Any CPU = Release|Any CPU
	EndGlobalSection
	GlobalSection(ProjectConfigurationPlatforms) = postSolution
		{9969B599-D040-4558-8B5F-22858D1DA064}.Debug|Any CPU.ActiveCfg = Debug|Any CPU
		{9969B599-D040-4558-8B5F-22858D1DA064}.Debug|Any CPU.Build.0 = Debug|Any CPU
		{9969B599-D040-4558-8B5F-22858D1DA064}.Release|Any CPU.ActiveCfg = Release|Any CPU
		{9969B599-D040-4558-8B5F-22858D1DA064}.Release|Any CPU.Build.0 = Release|Any CPU
	EndGlobalSection
	GlobalSection(SolutionProperties) = preSolution
		HideSolutionNode = FALSE
	EndGlobalSection
	GlobalSection(ExtensibilityGlobals) = postSolution
		SolutionGuid = {F0065947-20D4-4B8A-BCD1-502297F85228}
	EndGlobalSection
EndGlobal
